// !$*UTF8*$!
{
	archiveVersion = 1;
	classes = {
	};
	objectVersion = 48;
	objects = {

/* Begin PBXBuildFile section */
		4841C83F20016ABA002A12D7 /* LoginView.swift in Sources */ = {isa = PBXBuildFile; fileRef = 4841C83E20016ABA002A12D7 /* LoginView.swift */; };
		4864743F2000A8EC0052352A /* AppDelegate.swift in Sources */ = {isa = PBXBuildFile; fileRef = 4864743E2000A8EC0052352A /* AppDelegate.swift */; };
		486474412000A8EC0052352A /* ViewController.swift in Sources */ = {isa = PBXBuildFile; fileRef = 486474402000A8EC0052352A /* ViewController.swift */; };
		486474442000A8EC0052352A /* Main.storyboard in Resources */ = {isa = PBXBuildFile; fileRef = 486474422000A8EC0052352A /* Main.storyboard */; };
		486474462000A8EC0052352A /* Assets.xcassets in Resources */ = {isa = PBXBuildFile; fileRef = 486474452000A8EC0052352A /* Assets.xcassets */; };
		486474492000A8EC0052352A /* LaunchScreen.storyboard in Resources */ = {isa = PBXBuildFile; fileRef = 486474472000A8EC0052352A /* LaunchScreen.storyboard */; };
		486474542000A8ED0052352A /* AutoLayoutAnchorTests.swift in Sources */ = {isa = PBXBuildFile; fileRef = 486474532000A8ED0052352A /* AutoLayoutAnchorTests.swift */; };
		4864745F2000A8ED0052352A /* AutoLayoutAnchorUITests.swift in Sources */ = {isa = PBXBuildFile; fileRef = 4864745E2000A8ED0052352A /* AutoLayoutAnchorUITests.swift */; };
		4864746D2000AAD40052352A /* AutoLayoutAnchor.swift in Sources */ = {isa = PBXBuildFile; fileRef = 4864746C2000AAD40052352A /* AutoLayoutAnchor.swift */; };
		48A7446620B380DE0012F0F7 /* AnchorType.swift in Sources */ = {isa = PBXBuildFile; fileRef = 48A7446520B380DE0012F0F7 /* AnchorType.swift */; };
		48A7446820B3811E0012F0F7 /* ALAnchor.swift in Sources */ = {isa = PBXBuildFile; fileRef = 48A7446720B3811E0012F0F7 /* ALAnchor.swift */; };
		48A7446A20B381CA0012F0F7 /* AnchorDimension.swift in Sources */ = {isa = PBXBuildFile; fileRef = 48A7446920B381CA0012F0F7 /* AnchorDimension.swift */; };
		48A7446C20B383F00012F0F7 /* AnchorProperty.swift in Sources */ = {isa = PBXBuildFile; fileRef = 48A7446B20B383F00012F0F7 /* AnchorProperty.swift */; };
		48A7446E20B384720012F0F7 /* ALAnchorInitializers.swift in Sources */ = {isa = PBXBuildFile; fileRef = 48A7446D20B384720012F0F7 /* ALAnchorInitializers.swift */; };
/* End PBXBuildFile section */

/* Begin PBXContainerItemProxy section */
		486474502000A8ED0052352A /* PBXContainerItemProxy */ = {
			isa = PBXContainerItemProxy;
			containerPortal = 486474332000A8EC0052352A /* Project object */;
			proxyType = 1;
			remoteGlobalIDString = 4864743A2000A8EC0052352A;
			remoteInfo = AutoLayoutAnchor;
		};
		4864745B2000A8ED0052352A /* PBXContainerItemProxy */ = {
			isa = PBXContainerItemProxy;
			containerPortal = 486474332000A8EC0052352A /* Project object */;
			proxyType = 1;
			remoteGlobalIDString = 4864743A2000A8EC0052352A;
			remoteInfo = AutoLayoutAnchor;
		};
/* End PBXContainerItemProxy section */

/* Begin PBXFileReference section */
		4841C83E20016ABA002A12D7 /* LoginView.swift */ = {isa = PBXFileReference; lastKnownFileType = sourcecode.swift; path = LoginView.swift; sourceTree = "<group>"; };
		4864743B2000A8EC0052352A /* AutoLayoutAnchor.app */ = {isa = PBXFileReference; explicitFileType = wrapper.application; includeInIndex = 0; path = AutoLayoutAnchor.app; sourceTree = BUILT_PRODUCTS_DIR; };
		4864743E2000A8EC0052352A /* AppDelegate.swift */ = {isa = PBXFileReference; lastKnownFileType = sourcecode.swift; path = AppDelegate.swift; sourceTree = "<group>"; };
		486474402000A8EC0052352A /* ViewController.swift */ = {isa = PBXFileReference; lastKnownFileType = sourcecode.swift; path = ViewController.swift; sourceTree = "<group>"; };
		486474432000A8EC0052352A /* Base */ = {isa = PBXFileReference; lastKnownFileType = file.storyboard; name = Base; path = Base.lproj/Main.storyboard; sourceTree = "<group>"; };
		486474452000A8EC0052352A /* Assets.xcassets */ = {isa = PBXFileReference; lastKnownFileType = folder.assetcatalog; path = Assets.xcassets; sourceTree = "<group>"; };
		486474482000A8EC0052352A /* Base */ = {isa = PBXFileReference; lastKnownFileType = file.storyboard; name = Base; path = Base.lproj/LaunchScreen.storyboard; sourceTree = "<group>"; };
		4864744A2000A8EC0052352A /* Info.plist */ = {isa = PBXFileReference; lastKnownFileType = text.plist.xml; path = Info.plist; sourceTree = "<group>"; };
		4864744F2000A8ED0052352A /* AutoLayoutAnchorTests.xctest */ = {isa = PBXFileReference; explicitFileType = wrapper.cfbundle; includeInIndex = 0; path = AutoLayoutAnchorTests.xctest; sourceTree = BUILT_PRODUCTS_DIR; };
		486474532000A8ED0052352A /* AutoLayoutAnchorTests.swift */ = {isa = PBXFileReference; lastKnownFileType = sourcecode.swift; path = AutoLayoutAnchorTests.swift; sourceTree = "<group>"; };
		486474552000A8ED0052352A /* Info.plist */ = {isa = PBXFileReference; lastKnownFileType = text.plist.xml; path = Info.plist; sourceTree = "<group>"; };
		4864745A2000A8ED0052352A /* AutoLayoutAnchorUITests.xctest */ = {isa = PBXFileReference; explicitFileType = wrapper.cfbundle; includeInIndex = 0; path = AutoLayoutAnchorUITests.xctest; sourceTree = BUILT_PRODUCTS_DIR; };
		4864745E2000A8ED0052352A /* AutoLayoutAnchorUITests.swift */ = {isa = PBXFileReference; lastKnownFileType = sourcecode.swift; path = AutoLayoutAnchorUITests.swift; sourceTree = "<group>"; };
		486474602000A8ED0052352A /* Info.plist */ = {isa = PBXFileReference; lastKnownFileType = text.plist.xml; path = Info.plist; sourceTree = "<group>"; };
		4864746C2000AAD40052352A /* AutoLayoutAnchor.swift */ = {isa = PBXFileReference; fileEncoding = 4; lastKnownFileType = sourcecode.swift; path = AutoLayoutAnchor.swift; sourceTree = "<group>"; };
		48A7446520B380DE0012F0F7 /* AnchorType.swift */ = {isa = PBXFileReference; lastKnownFileType = sourcecode.swift; path = AnchorType.swift; sourceTree = "<group>"; };
		48A7446720B3811E0012F0F7 /* ALAnchor.swift */ = {isa = PBXFileReference; lastKnownFileType = sourcecode.swift; path = ALAnchor.swift; sourceTree = "<group>"; };
		48A7446920B381CA0012F0F7 /* AnchorDimension.swift */ = {isa = PBXFileReference; lastKnownFileType = sourcecode.swift; path = AnchorDimension.swift; sourceTree = "<group>"; };
		48A7446B20B383F00012F0F7 /* AnchorProperty.swift */ = {isa = PBXFileReference; lastKnownFileType = sourcecode.swift; path = AnchorProperty.swift; sourceTree = "<group>"; };
		48A7446D20B384720012F0F7 /* ALAnchorInitializers.swift */ = {isa = PBXFileReference; lastKnownFileType = sourcecode.swift; path = ALAnchorInitializers.swift; sourceTree = "<group>"; };
/* End PBXFileReference section */

/* Begin PBXFrameworksBuildPhase section */
		486474382000A8EC0052352A /* Frameworks */ = {
			isa = PBXFrameworksBuildPhase;
			buildActionMask = 2147483647;
			files = (
			);
			runOnlyForDeploymentPostprocessing = 0;
		};
		4864744C2000A8ED0052352A /* Frameworks */ = {
			isa = PBXFrameworksBuildPhase;
			buildActionMask = 2147483647;
			files = (
			);
			runOnlyForDeploymentPostprocessing = 0;
		};
		486474572000A8ED0052352A /* Frameworks */ = {
			isa = PBXFrameworksBuildPhase;
			buildActionMask = 2147483647;
			files = (
			);
			runOnlyForDeploymentPostprocessing = 0;
		};
/* End PBXFrameworksBuildPhase section */

/* Begin PBXGroup section */
		4841C84020016ECF002A12D7 /* AutoLayoutExamples */ = {
			isa = PBXGroup;
			children = (
				4841C83E20016ABA002A12D7 /* LoginView.swift */,
			);
			path = AutoLayoutExamples;
			sourceTree = "<group>";
		};
		486474322000A8EC0052352A = {
			isa = PBXGroup;
			children = (
				4841C84020016ECF002A12D7 /* AutoLayoutExamples */,
				4864743D2000A8EC0052352A /* AutoLayoutAnchor */,
				486474522000A8ED0052352A /* AutoLayoutAnchorTests */,
				4864745D2000A8ED0052352A /* AutoLayoutAnchorUITests */,
				4864743C2000A8EC0052352A /* Products */,
			);
			sourceTree = "<group>";
		};
		4864743C2000A8EC0052352A /* Products */ = {
			isa = PBXGroup;
			children = (
				4864743B2000A8EC0052352A /* AutoLayoutAnchor.app */,
				4864744F2000A8ED0052352A /* AutoLayoutAnchorTests.xctest */,
				4864745A2000A8ED0052352A /* AutoLayoutAnchorUITests.xctest */,
			);
			name = Products;
			sourceTree = "<group>";
		};
		4864743D2000A8EC0052352A /* AutoLayoutAnchor */ = {
			isa = PBXGroup;
			children = (
				4864743E2000A8EC0052352A /* AppDelegate.swift */,
				486474402000A8EC0052352A /* ViewController.swift */,
				48A7446520B380DE0012F0F7 /* AnchorType.swift */,
				4864746C2000AAD40052352A /* AutoLayoutAnchor.swift */,
				48A7446720B3811E0012F0F7 /* ALAnchor.swift */,
				48A7446D20B384720012F0F7 /* ALAnchorInitializers.swift */,
				48A7446920B381CA0012F0F7 /* AnchorDimension.swift */,
				48A7446B20B383F00012F0F7 /* AnchorProperty.swift */,
				486474422000A8EC0052352A /* Main.storyboard */,
				486474452000A8EC0052352A /* Assets.xcassets */,
				486474472000A8EC0052352A /* LaunchScreen.storyboard */,
				4864744A2000A8EC0052352A /* Info.plist */,
			);
			path = AutoLayoutAnchor;
			sourceTree = "<group>";
		};
		486474522000A8ED0052352A /* AutoLayoutAnchorTests */ = {
			isa = PBXGroup;
			children = (
				486474532000A8ED0052352A /* AutoLayoutAnchorTests.swift */,
				486474552000A8ED0052352A /* Info.plist */,
			);
			path = AutoLayoutAnchorTests;
			sourceTree = "<group>";
		};
		4864745D2000A8ED0052352A /* AutoLayoutAnchorUITests */ = {
			isa = PBXGroup;
			children = (
				4864745E2000A8ED0052352A /* AutoLayoutAnchorUITests.swift */,
				486474602000A8ED0052352A /* Info.plist */,
			);
			path = AutoLayoutAnchorUITests;
			sourceTree = "<group>";
		};
/* End PBXGroup section */

/* Begin PBXNativeTarget section */
		4864743A2000A8EC0052352A /* AutoLayoutAnchor */ = {
			isa = PBXNativeTarget;
			buildConfigurationList = 486474632000A8ED0052352A /* Build configuration list for PBXNativeTarget "AutoLayoutAnchor" */;
			buildPhases = (
				486474372000A8EC0052352A /* Sources */,
				486474382000A8EC0052352A /* Frameworks */,
				486474392000A8EC0052352A /* Resources */,
			);
			buildRules = (
			);
			dependencies = (
			);
			name = AutoLayoutAnchor;
			productName = AutoLayoutAnchor;
			productReference = 4864743B2000A8EC0052352A /* AutoLayoutAnchor.app */;
			productType = "com.apple.product-type.application";
		};
		4864744E2000A8ED0052352A /* AutoLayoutAnchorTests */ = {
			isa = PBXNativeTarget;
			buildConfigurationList = 486474662000A8ED0052352A /* Build configuration list for PBXNativeTarget "AutoLayoutAnchorTests" */;
			buildPhases = (
				4864744B2000A8ED0052352A /* Sources */,
				4864744C2000A8ED0052352A /* Frameworks */,
				4864744D2000A8ED0052352A /* Resources */,
			);
			buildRules = (
			);
			dependencies = (
				486474512000A8ED0052352A /* PBXTargetDependency */,
			);
			name = AutoLayoutAnchorTests;
			productName = AutoLayoutAnchorTests;
			productReference = 4864744F2000A8ED0052352A /* AutoLayoutAnchorTests.xctest */;
			productType = "com.apple.product-type.bundle.unit-test";
		};
		486474592000A8ED0052352A /* AutoLayoutAnchorUITests */ = {
			isa = PBXNativeTarget;
			buildConfigurationList = 486474692000A8ED0052352A /* Build configuration list for PBXNativeTarget "AutoLayoutAnchorUITests" */;
			buildPhases = (
				486474562000A8ED0052352A /* Sources */,
				486474572000A8ED0052352A /* Frameworks */,
				486474582000A8ED0052352A /* Resources */,
			);
			buildRules = (
			);
			dependencies = (
				4864745C2000A8ED0052352A /* PBXTargetDependency */,
			);
			name = AutoLayoutAnchorUITests;
			productName = AutoLayoutAnchorUITests;
			productReference = 4864745A2000A8ED0052352A /* AutoLayoutAnchorUITests.xctest */;
			productType = "com.apple.product-type.bundle.ui-testing";
		};
/* End PBXNativeTarget section */

/* Begin PBXProject section */
		486474332000A8EC0052352A /* Project object */ = {
			isa = PBXProject;
			attributes = {
				LastSwiftUpdateCheck = 0920;
				LastUpgradeCheck = 0920;
				ORGANIZATIONNAME = "Kevin Bai";
				TargetAttributes = {
					4864743A2000A8EC0052352A = {
						CreatedOnToolsVersion = 9.2;
						ProvisioningStyle = Automatic;
					};
					4864744E2000A8ED0052352A = {
						CreatedOnToolsVersion = 9.2;
						ProvisioningStyle = Automatic;
						TestTargetID = 4864743A2000A8EC0052352A;
					};
					486474592000A8ED0052352A = {
						CreatedOnToolsVersion = 9.2;
						ProvisioningStyle = Automatic;
						TestTargetID = 4864743A2000A8EC0052352A;
					};
				};
			};
			buildConfigurationList = 486474362000A8EC0052352A /* Build configuration list for PBXProject "AutoLayoutAnchor" */;
			compatibilityVersion = "Xcode 8.0";
			developmentRegion = en;
			hasScannedForEncodings = 0;
			knownRegions = (
				en,
				Base,
			);
			mainGroup = 486474322000A8EC0052352A;
			productRefGroup = 4864743C2000A8EC0052352A /* Products */;
			projectDirPath = "";
			projectRoot = "";
			targets = (
				4864743A2000A8EC0052352A /* AutoLayoutAnchor */,
				4864744E2000A8ED0052352A /* AutoLayoutAnchorTests */,
				486474592000A8ED0052352A /* AutoLayoutAnchorUITests */,
			);
		};
/* End PBXProject section */

/* Begin PBXResourcesBuildPhase section */
		486474392000A8EC0052352A /* Resources */ = {
			isa = PBXResourcesBuildPhase;
			buildActionMask = 2147483647;
			files = (
				486474492000A8EC0052352A /* LaunchScreen.storyboard in Resources */,
				486474462000A8EC0052352A /* Assets.xcassets in Resources */,
				486474442000A8EC0052352A /* Main.storyboard in Resources */,
			);
			runOnlyForDeploymentPostprocessing = 0;
		};
		4864744D2000A8ED0052352A /* Resources */ = {
			isa = PBXResourcesBuildPhase;
			buildActionMask = 2147483647;
			files = (
			);
			runOnlyForDeploymentPostprocessing = 0;
		};
		486474582000A8ED0052352A /* Resources */ = {
			isa = PBXResourcesBuildPhase;
			buildActionMask = 2147483647;
			files = (
			);
			runOnlyForDeploymentPostprocessing = 0;
		};
/* End PBXResourcesBuildPhase section */

/* Begin PBXSourcesBuildPhase section */
		486474372000A8EC0052352A /* Sources */ = {
			isa = PBXSourcesBuildPhase;
			buildActionMask = 2147483647;
			files = (
				486474412000A8EC0052352A /* ViewController.swift in Sources */,
				48A7446C20B383F00012F0F7 /* AnchorProperty.swift in Sources */,
				4864743F2000A8EC0052352A /* AppDelegate.swift in Sources */,
				4841C83F20016ABA002A12D7 /* LoginView.swift in Sources */,
				48A7446E20B384720012F0F7 /* ALAnchorInitializers.swift in Sources */,
				48A7446620B380DE0012F0F7 /* AnchorType.swift in Sources */,
				4864746D2000AAD40052352A /* AutoLayoutAnchor.swift in Sources */,
				48A7446A20B381CA0012F0F7 /* AnchorDimension.swift in Sources */,
				48A7446820B3811E0012F0F7 /* ALAnchor.swift in Sources */,
			);
			runOnlyForDeploymentPostprocessing = 0;
		};
		4864744B2000A8ED0052352A /* Sources */ = {
			isa = PBXSourcesBuildPhase;
			buildActionMask = 2147483647;
			files = (
				486474542000A8ED0052352A /* AutoLayoutAnchorTests.swift in Sources */,
			);
			runOnlyForDeploymentPostprocessing = 0;
		};
		486474562000A8ED0052352A /* Sources */ = {
			isa = PBXSourcesBuildPhase;
			buildActionMask = 2147483647;
			files = (
				4864745F2000A8ED0052352A /* AutoLayoutAnchorUITests.swift in Sources */,
			);
			runOnlyForDeploymentPostprocessing = 0;
		};
/* End PBXSourcesBuildPhase section */

/* Begin PBXTargetDependency section */
		486474512000A8ED0052352A /* PBXTargetDependency */ = {
			isa = PBXTargetDependency;
			target = 4864743A2000A8EC0052352A /* AutoLayoutAnchor */;
			targetProxy = 486474502000A8ED0052352A /* PBXContainerItemProxy */;
		};
		4864745C2000A8ED0052352A /* PBXTargetDependency */ = {
			isa = PBXTargetDependency;
			target = 4864743A2000A8EC0052352A /* AutoLayoutAnchor */;
			targetProxy = 4864745B2000A8ED0052352A /* PBXContainerItemProxy */;
		};
/* End PBXTargetDependency section */

/* Begin PBXVariantGroup section */
		486474422000A8EC0052352A /* Main.storyboard */ = {
			isa = PBXVariantGroup;
			children = (
				486474432000A8EC0052352A /* Base */,
			);
			name = Main.storyboard;
			sourceTree = "<group>";
		};
		486474472000A8EC0052352A /* LaunchScreen.storyboard */ = {
			isa = PBXVariantGroup;
			children = (
				486474482000A8EC0052352A /* Base */,
			);
			name = LaunchScreen.storyboard;
			sourceTree = "<group>";
		};
/* End PBXVariantGroup section */

/* Begin XCBuildConfiguration section */
		486474612000A8ED0052352A /* Debug */ = {
			isa = XCBuildConfiguration;
			buildSettings = {
				ALWAYS_SEARCH_USER_PATHS = NO;
				CLANG_ANALYZER_NONNULL = YES;
				CLANG_ANALYZER_NUMBER_OBJECT_CONVERSION = YES_AGGRESSIVE;
				CLANG_CXX_LANGUAGE_STANDARD = "gnu++14";
				CLANG_CXX_LIBRARY = "libc++";
				CLANG_ENABLE_MODULES = YES;
				CLANG_ENABLE_OBJC_ARC = YES;
				CLANG_WARN_BLOCK_CAPTURE_AUTORELEASING = YES;
				CLANG_WARN_BOOL_CONVERSION = YES;
				CLANG_WARN_COMMA = YES;
				CLANG_WARN_CONSTANT_CONVERSION = YES;
				CLANG_WARN_DIRECT_OBJC_ISA_USAGE = YES_ERROR;
				CLANG_WARN_DOCUMENTATION_COMMENTS = YES;
				CLANG_WARN_EMPTY_BODY = YES;
				CLANG_WARN_ENUM_CONVERSION = YES;
				CLANG_WARN_INFINITE_RECURSION = YES;
				CLANG_WARN_INT_CONVERSION = YES;
				CLANG_WARN_NON_LITERAL_NULL_CONVERSION = YES;
				CLANG_WARN_OBJC_LITERAL_CONVERSION = YES;
				CLANG_WARN_OBJC_ROOT_CLASS = YES_ERROR;
				CLANG_WARN_RANGE_LOOP_ANALYSIS = YES;
				CLANG_WARN_STRICT_PROTOTYPES = YES;
				CLANG_WARN_SUSPICIOUS_MOVE = YES;
				CLANG_WARN_UNGUARDED_AVAILABILITY = YES_AGGRESSIVE;
				CLANG_WARN_UNREACHABLE_CODE = YES;
				CLANG_WARN__DUPLICATE_METHOD_MATCH = YES;
				CODE_SIGN_IDENTITY = "iPhone Developer";
				COPY_PHASE_STRIP = NO;
				DEBUG_INFORMATION_FORMAT = dwarf;
				ENABLE_STRICT_OBJC_MSGSEND = YES;
				ENABLE_TESTABILITY = YES;
				GCC_C_LANGUAGE_STANDARD = gnu11;
				GCC_DYNAMIC_NO_PIC = NO;
				GCC_NO_COMMON_BLOCKS = YES;
				GCC_OPTIMIZATION_LEVEL = 0;
				GCC_PREPROCESSOR_DEFINITIONS = (
					"DEBUG=1",
					"$(inherited)",
				);
				GCC_WARN_64_TO_32_BIT_CONVERSION = YES;
				GCC_WARN_ABOUT_RETURN_TYPE = YES_ERROR;
				GCC_WARN_UNDECLARED_SELECTOR = YES;
				GCC_WARN_UNINITIALIZED_AUTOS = YES_AGGRESSIVE;
				GCC_WARN_UNUSED_FUNCTION = YES;
				GCC_WARN_UNUSED_VARIABLE = YES;
				IPHONEOS_DEPLOYMENT_TARGET = 11.2;
				MTL_ENABLE_DEBUG_INFO = YES;
				ONLY_ACTIVE_ARCH = YES;
				SDKROOT = iphoneos;
				SWIFT_ACTIVE_COMPILATION_CONDITIONS = DEBUG;
				SWIFT_OPTIMIZATION_LEVEL = "-Onone";
			};
			name = Debug;
		};
		486474622000A8ED0052352A /* Release */ = {
			isa = XCBuildConfiguration;
			buildSettings = {
				ALWAYS_SEARCH_USER_PATHS = NO;
				CLANG_ANALYZER_NONNULL = YES;
				CLANG_ANALYZER_NUMBER_OBJECT_CONVERSION = YES_AGGRESSIVE;
				CLANG_CXX_LANGUAGE_STANDARD = "gnu++14";
				CLANG_CXX_LIBRARY = "libc++";
				CLANG_ENABLE_MODULES = YES;
				CLANG_ENABLE_OBJC_ARC = YES;
				CLANG_WARN_BLOCK_CAPTURE_AUTORELEASING = YES;
				CLANG_WARN_BOOL_CONVERSION = YES;
				CLANG_WARN_COMMA = YES;
				CLANG_WARN_CONSTANT_CONVERSION = YES;
				CLANG_WARN_DIRECT_OBJC_ISA_USAGE = YES_ERROR;
				CLANG_WARN_DOCUMENTATION_COMMENTS = YES;
				CLANG_WARN_EMPTY_BODY = YES;
				CLANG_WARN_ENUM_CONVERSION = YES;
				CLANG_WARN_INFINITE_RECURSION = YES;
				CLANG_WARN_INT_CONVERSION = YES;
				CLANG_WARN_NON_LITERAL_NULL_CONVERSION = YES;
				CLANG_WARN_OBJC_LITERAL_CONVERSION = YES;
				CLANG_WARN_OBJC_ROOT_CLASS = YES_ERROR;
				CLANG_WARN_RANGE_LOOP_ANALYSIS = YES;
				CLANG_WARN_STRICT_PROTOTYPES = YES;
				CLANG_WARN_SUSPICIOUS_MOVE = YES;
				CLANG_WARN_UNGUARDED_AVAILABILITY = YES_AGGRESSIVE;
				CLANG_WARN_UNREACHABLE_CODE = YES;
				CLANG_WARN__DUPLICATE_METHOD_MATCH = YES;
				CODE_SIGN_IDENTITY = "iPhone Developer";
				COPY_PHASE_STRIP = NO;
				DEBUG_INFORMATION_FORMAT = "dwarf-with-dsym";
				ENABLE_NS_ASSERTIONS = NO;
				ENABLE_STRICT_OBJC_MSGSEND = YES;
				GCC_C_LANGUAGE_STANDARD = gnu11;
				GCC_NO_COMMON_BLOCKS = YES;
				GCC_WARN_64_TO_32_BIT_CONVERSION = YES;
				GCC_WARN_ABOUT_RETURN_TYPE = YES_ERROR;
				GCC_WARN_UNDECLARED_SELECTOR = YES;
				GCC_WARN_UNINITIALIZED_AUTOS = YES_AGGRESSIVE;
				GCC_WARN_UNUSED_FUNCTION = YES;
				GCC_WARN_UNUSED_VARIABLE = YES;
				IPHONEOS_DEPLOYMENT_TARGET = 11.2;
				MTL_ENABLE_DEBUG_INFO = NO;
				SDKROOT = iphoneos;
				SWIFT_OPTIMIZATION_LEVEL = "-Owholemodule";
				VALIDATE_PRODUCT = YES;
			};
			name = Release;
		};
		486474642000A8ED0052352A /* Debug */ = {
			isa = XCBuildConfiguration;
			buildSettings = {
				ASSETCATALOG_COMPILER_APPICON_NAME = AppIcon;
				CODE_SIGN_STYLE = Automatic;
				DEVELOPMENT_TEAM = KPK2Y4A48T;
				INFOPLIST_FILE = AutoLayoutAnchor/Info.plist;
				LD_RUNPATH_SEARCH_PATHS = "$(inherited) @executable_path/Frameworks";
				PRODUCT_BUNDLE_IDENTIFIER = com.kevinbai.AutoLayoutAnchor;
				PRODUCT_NAME = "$(TARGET_NAME)";
				SWIFT_VERSION = 4.0;
				TARGETED_DEVICE_FAMILY = "1,2";
			};
			name = Debug;
		};
		486474652000A8ED0052352A /* Release */ = {
			isa = XCBuildConfiguration;
			buildSettings = {
				ASSETCATALOG_COMPILER_APPICON_NAME = AppIcon;
				CODE_SIGN_STYLE = Automatic;
				DEVELOPMENT_TEAM = KPK2Y4A48T;
				INFOPLIST_FILE = AutoLayoutAnchor/Info.plist;
				LD_RUNPATH_SEARCH_PATHS = "$(inherited) @executable_path/Frameworks";
				PRODUCT_BUNDLE_IDENTIFIER = com.kevinbai.AutoLayoutAnchor;
				PRODUCT_NAME = "$(TARGET_NAME)";
				SWIFT_VERSION = 4.0;
				TARGETED_DEVICE_FAMILY = "1,2";
			};
			name = Release;
		};
		486474672000A8ED0052352A /* Debug */ = {
			isa = XCBuildConfiguration;
			buildSettings = {
				ALWAYS_EMBED_SWIFT_STANDARD_LIBRARIES = YES;
				BUNDLE_LOADER = "$(TEST_HOST)";
				CODE_SIGN_STYLE = Automatic;
				DEVELOPMENT_TEAM = KPK2Y4A48T;
				INFOPLIST_FILE = AutoLayoutAnchorTests/Info.plist;
				LD_RUNPATH_SEARCH_PATHS = "$(inherited) @executable_path/Frameworks @loader_path/Frameworks";
				PRODUCT_BUNDLE_IDENTIFIER = com.kevinbai.AutoLayoutAnchorTests;
				PRODUCT_NAME = "$(TARGET_NAME)";
				SWIFT_VERSION = 4.0;
				TARGETED_DEVICE_FAMILY = "1,2";
				TEST_HOST = "$(BUILT_PRODUCTS_DIR)/AutoLayoutAnchor.app/AutoLayoutAnchor";
			};
			name = Debug;
		};
		486474682000A8ED0052352A /* Release */ = {
			isa = XCBuildConfiguration;
			buildSettings = {
				ALWAYS_EMBED_SWIFT_STANDARD_LIBRARIES = YES;
				BUNDLE_LOADER = "$(TEST_HOST)";
				CODE_SIGN_STYLE = Automatic;
				DEVELOPMENT_TEAM = KPK2Y4A48T;
				INFOPLIST_FILE = AutoLayoutAnchorTests/Info.plist;
				LD_RUNPATH_SEARCH_PATHS = "$(inherited) @executable_path/Frameworks @loader_path/Frameworks";
				PRODUCT_BUNDLE_IDENTIFIER = com.kevinbai.AutoLayoutAnchorTests;
				PRODUCT_NAME = "$(TARGET_NAME)";
				SWIFT_VERSION = 4.0;
				TARGETED_DEVICE_FAMILY = "1,2";
				TEST_HOST = "$(BUILT_PRODUCTS_DIR)/AutoLayoutAnchor.app/AutoLayoutAnchor";
			};
			name = Release;
		};
		4864746A2000A8ED0052352A /* Debug */ = {
			isa = XCBuildConfiguration;
			buildSettings = {
				ALWAYS_EMBED_SWIFT_STANDARD_LIBRARIES = YES;
				CODE_SIGN_STYLE = Automatic;
				DEVELOPMENT_TEAM = KPK2Y4A48T;
				INFOPLIST_FILE = AutoLayoutAnchorUITests/Info.plist;
				LD_RUNPATH_SEARCH_PATHS = "$(inherited) @executable_path/Frameworks @loader_path/Frameworks";
				PRODUCT_BUNDLE_IDENTIFIER = com.kevinbai.AutoLayoutAnchorUITests;
				PRODUCT_NAME = "$(TARGET_NAME)";
				SWIFT_VERSION = 4.0;
				TARGETED_DEVICE_FAMILY = "1,2";
				TEST_TARGET_NAME = AutoLayoutAnchor;
			};
			name = Debug;
		};
		4864746B2000A8ED0052352A /* Release */ = {
			isa = XCBuildConfiguration;
			buildSettings = {
				ALWAYS_EMBED_SWIFT_STANDARD_LIBRARIES = YES;
				CODE_SIGN_STYLE = Automatic;
				DEVELOPMENT_TEAM = KPK2Y4A48T;
				INFOPLIST_FILE = AutoLayoutAnchorUITests/Info.plist;
				LD_RUNPATH_SEARCH_PATHS = "$(inherited) @executable_path/Frameworks @loader_path/Frameworks";
				PRODUCT_BUNDLE_IDENTIFIER = com.kevinbai.AutoLayoutAnchorUITests;
				PRODUCT_NAME = "$(TARGET_NAME)";
				SWIFT_VERSION = 4.0;
				TARGETED_DEVICE_FAMILY = "1,2";
				TEST_TARGET_NAME = AutoLayoutAnchor;
			};
			name = Release;
		};
/* End XCBuildConfiguration section */

/* Begin XCConfigurationList section */
		486474362000A8EC0052352A /* Build configuration list for PBXProject "AutoLayoutAnchor" */ = {
			isa = XCConfigurationList;
			buildConfigurations = (
				486474612000A8ED0052352A /* Debug */,
				486474622000A8ED0052352A /* Release */,
			);
			defaultConfigurationIsVisible = 0;
			defaultConfigurationName = Release;
		};
		486474632000A8ED0052352A /* Build configuration list for PBXNativeTarget "AutoLayoutAnchor" */ = {
			isa = XCConfigurationList;
			buildConfigurations = (
				486474642000A8ED0052352A /* Debug */,
				486474652000A8ED0052352A /* Release */,
			);
			defaultConfigurationIsVisible = 0;
			defaultConfigurationName = Release;
		};
		486474662000A8ED0052352A /* Build configuration list for PBXNativeTarget "AutoLayoutAnchorTests" */ = {
			isa = XCConfigurationList;
			buildConfigurations = (
				486474672000A8ED0052352A /* Debug */,
				486474682000A8ED0052352A /* Release */,
			);
			defaultConfigurationIsVisible = 0;
			defaultConfigurationName = Release;
		};
		486474692000A8ED0052352A /* Build configuration list for PBXNativeTarget "AutoLayoutAnchorUITests" */ = {
			isa = XCConfigurationList;
			buildConfigurations = (
				4864746A2000A8ED0052352A /* Debug */,
				4864746B2000A8ED0052352A /* Release */,
			);
			defaultConfigurationIsVisible = 0;
			defaultConfigurationName = Release;
		};
/* End XCConfigurationList section */
	};
	rootObject = 486474332000A8EC0052352A /* Project object */;
}
